# This file is automatically @generated by Cargo.
# It is not intended for manual editing.
version = 4

[[package]]
name = "lettuce-app"
version = "0.1.0"
dependencies = [
 "lettuce-asr",
 "lettuce-backup",
 "lettuce-characters",
 "lettuce-companions",
 "lettuce-contracts",
 "lettuce-conversations",
 "lettuce-creation",
 "lettuce-database",
 "lettuce-discovery",
 "lettuce-downloads",
 "lettuce-embeddings",
 "lettuce-filesystem",
 "lettuce-groups",
 "lettuce-host-api",
 "lettuce-image-generation",
 "lettuce-inference",
 "lettuce-jobs",
 "lettuce-local-llm",
 "lettuce-lorebooks",
 "lettuce-media",
 "lettuce-memory",
 "lettuce-model-hub",
 "lettuce-models",
 "lettuce-network",
 "lettuce-observability",
 "lettuce-personas",
 "lettuce-platform",
 "lettuce-prompts",
 "lettuce-providers",
 "lettuce-safety",
 "lettuce-sd-runtime",
 "lettuce-secrets",
 "lettuce-settings",
 "lettuce-sync",
 "lettuce-tools",
 "lettuce-transfer",
 "lettuce-tts",
 "lettuce-types",
 "lettuce-usage",
]

[[package]]
name = "lettuce-asr"
version = "0.1.0"
dependencies = [
 "lettuce-types",
]

[[package]]
name = "lettuce-backup"
version = "0.1.0"
dependencies = [
 "lettuce-types",
]

[[package]]
name = "lettuce-characters"
version = "0.1.0"
dependencies = [
 "lettuce-types",
]

[[package]]
name = "lettuce-companions"
version = "0.1.0"
dependencies = [
 "lettuce-types",
]

[[package]]
name = "lettuce-contracts"
version = "0.1.0"
dependencies = [
 "lettuce-types",
]

[[package]]
name = "lettuce-conversations"
version = "0.1.0"
dependencies = [
 "lettuce-types",
]

[[package]]
name = "lettuce-creation"
version = "0.1.0"
dependencies = [
 "lettuce-types",
]

[[package]]
name = "lettuce-database"
version = "0.1.0"
dependencies = [
 "lettuce-types",
]

[[package]]
name = "lettuce-discovery"
version = "0.1.0"
dependencies = [
 "lettuce-types",
]

[[package]]
name = "lettuce-downloads"
version = "0.1.0"
dependencies = [
 "lettuce-types",
]

[[package]]
name = "lettuce-embeddings"
version = "0.1.0"
dependencies = [
 "lettuce-types",
]

[[package]]
name = "lettuce-filesystem"
version = "0.1.0"
dependencies = [
 "lettuce-types",
]

[[package]]
name = "lettuce-groups"
version = "0.1.0"
dependencies = [
 "lettuce-types",
]

[[package]]
name = "lettuce-host-api"
version = "0.1.0"
dependencies = [
 "lettuce-types",
]

[[package]]
name = "lettuce-image-generation"
version = "0.1.0"
dependencies = [
 "lettuce-types",
]

[[package]]
name = "lettuce-inference"
version = "0.1.0"
dependencies = [
 "lettuce-types",
]

[[package]]
name = "lettuce-jobs"
version = "0.1.0"
dependencies = [
 "lettuce-types",
]

[[package]]
name = "lettuce-local-llm"
version = "0.1.0"
dependencies = [
 "lettuce-types",
]

[[package]]
name = "lettuce-lorebooks"
version = "0.1.0"
dependencies = [
 "lettuce-types",
]

[[package]]
name = "lettuce-media"
version = "0.1.0"
dependencies = [
 "lettuce-types",
]

[[package]]
name = "lettuce-memory"
version = "0.1.0"
dependencies = [
 "lettuce-types",
]

[[package]]
name = "lettuce-model-hub"
version = "0.1.0"
dependencies = [
 "lettuce-types",
]

[[package]]
name = "lettuce-models"
version = "0.1.0"
dependencies = [
 "lettuce-types",
]

[[package]]
name = "lettuce-network"
version = "0.1.0"
dependencies = [
 "lettuce-types",
]

[[package]]
name = "lettuce-observability"
version = "0.1.0"
dependencies = [
 "lettuce-types",
]

[[package]]
name = "lettuce-personas"
version = "0.1.0"
dependencies = [
 "lettuce-types",
]

[[package]]
name = "lettuce-platform"
version = "0.1.0"
dependencies = [
 "lettuce-types",
]

[[package]]
name = "lettuce-prompts"
version = "0.1.0"
dependencies = [
 "lettuce-types",
]

[[package]]
name = "lettuce-providers"
version = "0.1.0"
dependencies = [
 "lettuce-types",
]

[[package]]
name = "lettuce-safety"
version = "0.1.0"
dependencies = [
 "lettuce-types",
]

[[package]]
name = "lettuce-sd-runtime"
version = "0.1.0"
dependencies = [
 "lettuce-types",
]

[[package]]
name = "lettuce-secrets"
version = "0.1.0"
dependencies = [
 "lettuce-types",
]

[[package]]
name = "lettuce-settings"
version = "0.1.0"
dependencies = [
 "lettuce-types",
]

[[package]]
name = "lettuce-sync"
version = "0.1.0"
dependencies = [
 "lettuce-types",
]

[[package]]
name = "lettuce-tools"
version = "0.1.0"
dependencies = [
 "lettuce-types",
]

[[package]]
name = "lettuce-transfer"
version = "0.1.0"
dependencies = [
 "lettuce-types",
]

[[package]]
name = "lettuce-tts"
version = "0.1.0"
dependencies = [
 "lettuce-types",
]

[[package]]
name = "lettuce-types"
version = "0.1.0"

[[package]]
name = "lettuce-usage"
version = "0.1.0"
dependencies = [
 "lettuce-types",
]
